
Microsoft Visual Studio Solution File, Format Version 12.00
# Visual Studio Version 17
VisualStudioVersion = 17.5.002.0
MinimumVisualStudioVersion = 10.0.40219.1
Project("{9A19103F-16F7-4668-BE54-9A1E7A4F7556}") = "Events", "Events\Events.csproj", "{4F38AF25-501F-4C47-8AB9-F29DFD68937E}"
EndProject
Project("{9A19103F-16F7-4668-BE54-9A1E7A4F7556}") = "ObserverDesignPattern", "ObserverDesignPattern\ObserverDesignPattern.csproj", "{ABE8EE3D-20FD-4BD3-99B0-C67A4D882B17}"
EndProject
Project("{9A19103F-16F7-4668-BE54-9A1E7A4F7556}") = "Classes", "Classes\Classes.csproj", "{6DCEC5BD-03D4-4653-B586-487A1584EF68}"
EndProject
Project("{9A19103F-16F7-4668-BE54-9A1E7A4F7556}") = "IEnumerable_IEnumerator", "IEnumerable&IEnumerator\IEnumerable_IEnumerator.csproj", "{7B51900F-E134-46BC-8B92-2D0DC56CBEA4}"
EndProject
Project("{9A19103F-16F7-4668-BE54-9A1E7A4F7556}") = "Indexer", "Indexer\Indexer.csproj", "{8F7C8781-8276-4DD8-A199-BA301DAA16B2}"
EndProject
Project("{9A19103F-16F7-4668-BE54-9A1E7A4F7556}") = "IEnumerable_IEnumeratorGeneric", "IEnumerable&IEnumeratorGeneric\IEnumerable_IEnumeratorGeneric.csproj", "{8BA76DC3-2DFA-401F-A866-A733A0210EA4}"
EndProject
Project("{9A19103F-16F7-4668-BE54-9A1E7A4F7556}") = "Collections", "Collections\Collections.csproj", "{EB48B47E-E218-4A0E-B2EF-C818AA3D45E6}"
EndProject
Project("{9A19103F-16F7-4668-BE54-9A1E7A4F7556}") = "IComparable", "IComparable&IComparer\IComparable.csproj", "{57FB2593-3335-4F36-91F4-2494880F70F8}"
EndProject
Project("{9A19103F-16F7-4668-BE54-9A1E7A4F7556}") = "IComparer", "IComparer\IComparer.csproj", "{C5F29F0E-1512-4D17-83E3-40A2081945BA}"
EndProject
Project("{9A19103F-16F7-4668-BE54-9A1E7A4F7556}") = "ClassesRelations", "ClassesRelations\ClassesRelations.csproj", "{A20A8B9F-4F82-4660-987E-C2E54E83C57B}"
EndProject
Project("{9A19103F-16F7-4668-BE54-9A1E7A4F7556}") = "Yield_Return", "Yeild_Return\Yield_Return.csproj", "{3F605CA6-A27A-4C93-B238-42545A90F3B5}"
EndProject
Project("{9A19103F-16F7-4668-BE54-9A1E7A4F7556}") = "IQueryable_IEnumerable", "IQueryable_IEnumerable\IQueryable_IEnumerable.csproj", "{16FF6A68-6C46-4BAB-B76A-0FC5F55A18D9}"
EndProject
Project("{9A19103F-16F7-4668-BE54-9A1E7A4F7556}") = "LinQ", "LinQ\LinQ.csproj", "{C78EDC17-6813-4016-BC76-D565642E613C}"
EndProject
Project("{9A19103F-16F7-4668-BE54-9A1E7A4F7556}") = "Extension_Methods", "Extension_Methods\Extension_Methods.csproj", "{0046A08D-F17F-4FA3-A878-661850F79E04}"
EndProject
Project("{9A19103F-16F7-4668-BE54-9A1E7A4F7556}") = "Eager_Deferred", "Eager_Deferred\Eager_Deferred.csproj", "{AF8609FE-FEB5-4170-B875-45F83E982568}"
EndProject
Project("{9A19103F-16F7-4668-BE54-9A1E7A4F7556}") = "Dependency_Injection", "DependencyInjection\Dependency_Injection.csproj", "{3A3BE8FB-696C-407F-9649-5762E9E2AC5D}"
EndProject
Project("{9A19103F-16F7-4668-BE54-9A1E7A4F7556}") = "EntityFrameworkCore", "EntityFrameworkCore\EntityFrameworkCore.csproj", "{7A474331-641D-406B-A846-319801D03982}"
EndProject
Project("{9A19103F-16F7-4668-BE54-9A1E7A4F7556}") = "Constructors", "Constructors\Constructors.csproj", "{5FCDD210-3DE4-4C83-AB5C-ACF8C39D83CB}"
EndProject
Project("{9A19103F-16F7-4668-BE54-9A1E7A4F7556}") = "EF_FluentAPI", "EF_FluentAPI\EF_FluentAPI.csproj", "{5E334632-B457-4E59-BC34-B5138DB6C7C8}"
EndProject
Project("{9A19103F-16F7-4668-BE54-9A1E7A4F7556}") = "Async_Await", "Async_Await\Async_Await.csproj", "{A3C5E5E7-C653-49B8-AA8D-5A742FCD48A9}"
EndProject
Project("{9A19103F-16F7-4668-BE54-9A1E7A4F7556}") = "DataSeeding", "DataSeeding\DataSeeding.csproj", "{83E674E9-DCE4-4787-8582-B3F09E23DBB5}"
EndProject
Project("{9A19103F-16F7-4668-BE54-9A1E7A4F7556}") = "User_Secrets", "User_Secrets\User_Secrets.csproj", "{E475B15D-758E-4AF4-8A71-12E52CF43FE9}"
EndProject
Project("{9A19103F-16F7-4668-BE54-9A1E7A4F7556}") = "SingletonPattern", "SingletonPattern\SingletonPattern.csproj", "{B7E20BC7-F4B7-4DBF-ACDF-BAF7E7DC7AF8}"
EndProject
Project("{9A19103F-16F7-4668-BE54-9A1E7A4F7556}") = "ProblemSolving", "ProblemSolving\ProblemSolving.csproj", "{AB80EEA8-160C-48AD-8DAF-5229B5DFC3A6}"
EndProject
Project("{9A19103F-16F7-4668-BE54-9A1E7A4F7556}") = "ConstructorExecutionOrder", "ConstructorExecutionOrder\ConstructorExecutionOrder.csproj", "{1F7E9497-7B4D-463E-A089-F242CBABF15C}"
EndProject
Project("{9A19103F-16F7-4668-BE54-9A1E7A4F7556}") = "CustomException", "CustomException\CustomException.csproj", "{6B7FA513-6F2E-4995-8422-C9339A982E8C}"
EndProject
Project("{9A19103F-16F7-4668-BE54-9A1E7A4F7556}") = "ClassOverrideOverload", "ClassOverrideOverload\ClassOverrideOverload.csproj", "{F309683F-D559-4701-9AE4-34E15FEFE94A}"
EndProject
Project("{9A19103F-16F7-4668-BE54-9A1E7A4F7556}") = "UserDefinedAttribute", "UserDefinedAttribute\UserDefinedAttribute.csproj", "{081FE6BF-E3D3-4400-B15F-7C7EE9A3459D}"
EndProject
Project("{9A19103F-16F7-4668-BE54-9A1E7A4F7556}") = "SignalR", "SignalR\SignalR.csproj", "{F7FD7967-6C6F-4B4A-92B4-770ED7BA9F1B}"
EndProject
Project("{2150E333-8FDC-42A3-9474-1A3956D46DE8}") = "1_Fundamentals", "1_Fundamentals", "{4EC8E6E6-0DC8-4B03-BC77-4C1C99CF921E}"
EndProject
Project("{2150E333-8FDC-42A3-9474-1A3956D46DE8}") = "5_Design Patterns", "5_Design Patterns", "{23EFD98F-67CB-4936-9E21-33BAB600F341}"
EndProject
Project("{2150E333-8FDC-42A3-9474-1A3956D46DE8}") = "2_Asynchronous & Events", "2_Asynchronous & Events", "{87705B45-2E1D-4B70-BED2-B9150399F3C6}"
EndProject
Project("{2150E333-8FDC-42A3-9474-1A3956D46DE8}") = "3_LinQ & EF & Collections", "3_LinQ & EF & Collections", "{703EC977-8A63-426B-B0C6-FC821030E69F}"
EndProject
Project("{2150E333-8FDC-42A3-9474-1A3956D46DE8}") = "Miscellaneous", "Miscellaneous", "{3D64C8F9-1E03-4BA8-9D02-E8DFAE73A7A5}"
EndProject
Project("{2150E333-8FDC-42A3-9474-1A3956D46DE8}") = "4_Extension & Dependency Injection", "4_Extension & Dependency Injection", "{56768E0D-FAAB-4AD8-B006-31EC96301A57}"
EndProject
Project("{9A19103F-16F7-4668-BE54-9A1E7A4F7556}") = "Reflection", "Reflection\Reflection.csproj", "{79B4371A-8D17-4D58-AFCC-FFD60269AEB3}"
EndProject
Project("{9A19103F-16F7-4668-BE54-9A1E7A4F7556}") = "UpDownCasting", "UpDownCasting\UpDownCasting.csproj", "{219D645E-3908-4195-B275-FF451A63011B}"
EndProject
Project("{FAE04EC0-301F-11D3-BF4B-00C04F79EFBC}") = "ImplicitExplicitOverload", "ImplicitExplicitOverload\ImplicitExplicitOverload.csproj", "{6B33AABA-2C1F-4CB6-A43E-630523F37F1E}"
EndProject
Global
	GlobalSection(SolutionConfigurationPlatforms) = preSolution
		Debug|Any CPU = Debug|Any CPU
		Release|Any CPU = Release|Any CPU
	EndGlobalSection
	GlobalSection(ProjectConfigurationPlatforms) = postSolution
		{4F38AF25-501F-4C47-8AB9-F29DFD68937E}.Debug|Any CPU.ActiveCfg = Debug|Any CPU
		{4F38AF25-501F-4C47-8AB9-F29DFD68937E}.Debug|Any CPU.Build.0 = Debug|Any CPU
		{4F38AF25-501F-4C47-8AB9-F29DFD68937E}.Release|Any CPU.ActiveCfg = Release|Any CPU
		{4F38AF25-501F-4C47-8AB9-F29DFD68937E}.Release|Any CPU.Build.0 = Release|Any CPU
		{ABE8EE3D-20FD-4BD3-99B0-C67A4D882B17}.Debug|Any CPU.ActiveCfg = Debug|Any CPU
		{ABE8EE3D-20FD-4BD3-99B0-C67A4D882B17}.Debug|Any CPU.Build.0 = Debug|Any CPU
		{ABE8EE3D-20FD-4BD3-99B0-C67A4D882B17}.Release|Any CPU.ActiveCfg = Release|Any CPU
		{ABE8EE3D-20FD-4BD3-99B0-C67A4D882B17}.Release|Any CPU.Build.0 = Release|Any CPU
		{6DCEC5BD-03D4-4653-B586-487A1584EF68}.Debug|Any CPU.ActiveCfg = Debug|Any CPU
		{6DCEC5BD-03D4-4653-B586-487A1584EF68}.Debug|Any CPU.Build.0 = Debug|Any CPU
		{6DCEC5BD-03D4-4653-B586-487A1584EF68}.Release|Any CPU.ActiveCfg = Release|Any CPU
		{6DCEC5BD-03D4-4653-B586-487A1584EF68}.Release|Any CPU.Build.0 = Release|Any CPU
		{7B51900F-E134-46BC-8B92-2D0DC56CBEA4}.Debug|Any CPU.ActiveCfg = Debug|Any CPU
		{7B51900F-E134-46BC-8B92-2D0DC56CBEA4}.Debug|Any CPU.Build.0 = Debug|Any CPU
		{7B51900F-E134-46BC-8B92-2D0DC56CBEA4}.Release|Any CPU.ActiveCfg = Release|Any CPU
		{7B51900F-E134-46BC-8B92-2D0DC56CBEA4}.Release|Any CPU.Build.0 = Release|Any CPU
		{8F7C8781-8276-4DD8-A199-BA301DAA16B2}.Debug|Any CPU.ActiveCfg = Debug|Any CPU
		{8F7C8781-8276-4DD8-A199-BA301DAA16B2}.Debug|Any CPU.Build.0 = Debug|Any CPU
		{8F7C8781-8276-4DD8-A199-BA301DAA16B2}.Release|Any CPU.ActiveCfg = Release|Any CPU
		{8F7C8781-8276-4DD8-A199-BA301DAA16B2}.Release|Any CPU.Build.0 = Release|Any CPU
		{8BA76DC3-2DFA-401F-A866-A733A0210EA4}.Debug|Any CPU.ActiveCfg = Debug|Any CPU
		{8BA76DC3-2DFA-401F-A866-A733A0210EA4}.Debug|Any CPU.Build.0 = Debug|Any CPU
		{8BA76DC3-2DFA-401F-A866-A733A0210EA4}.Release|Any CPU.ActiveCfg = Release|Any CPU
		{8BA76DC3-2DFA-401F-A866-A733A0210EA4}.Release|Any CPU.Build.0 = Release|Any CPU
		{EB48B47E-E218-4A0E-B2EF-C818AA3D45E6}.Debug|Any CPU.ActiveCfg = Debug|Any CPU
		{EB48B47E-E218-4A0E-B2EF-C818AA3D45E6}.Debug|Any CPU.Build.0 = Debug|Any CPU
		{EB48B47E-E218-4A0E-B2EF-C818AA3D45E6}.Release|Any CPU.ActiveCfg = Release|Any CPU
		{EB48B47E-E218-4A0E-B2EF-C818AA3D45E6}.Release|Any CPU.Build.0 = Release|Any CPU
		{57FB2593-3335-4F36-91F4-2494880F70F8}.Debug|Any CPU.ActiveCfg = Debug|Any CPU
		{57FB2593-3335-4F36-91F4-2494880F70F8}.Debug|Any CPU.Build.0 = Debug|Any CPU
		{57FB2593-3335-4F36-91F4-2494880F70F8}.Release|Any CPU.ActiveCfg = Release|Any CPU
		{57FB2593-3335-4F36-91F4-2494880F70F8}.Release|Any CPU.Build.0 = Release|Any CPU
		{C5F29F0E-1512-4D17-83E3-40A2081945BA}.Debug|Any CPU.ActiveCfg = Debug|Any CPU
		{C5F29F0E-1512-4D17-83E3-40A2081945BA}.Debug|Any CPU.Build.0 = Debug|Any CPU
		{C5F29F0E-1512-4D17-83E3-40A2081945BA}.Release|Any CPU.ActiveCfg = Release|Any CPU
		{C5F29F0E-1512-4D17-83E3-40A2081945BA}.Release|Any CPU.Build.0 = Release|Any CPU
		{A20A8B9F-4F82-4660-987E-C2E54E83C57B}.Debug|Any CPU.ActiveCfg = Debug|Any CPU
		{A20A8B9F-4F82-4660-987E-C2E54E83C57B}.Debug|Any CPU.Build.0 = Debug|Any CPU
		{A20A8B9F-4F82-4660-987E-C2E54E83C57B}.Release|Any CPU.ActiveCfg = Release|Any CPU
		{A20A8B9F-4F82-4660-987E-C2E54E83C57B}.Release|Any CPU.Build.0 = Release|Any CPU
		{3F605CA6-A27A-4C93-B238-42545A90F3B5}.Debug|Any CPU.ActiveCfg = Debug|Any CPU
		{3F605CA6-A27A-4C93-B238-42545A90F3B5}.Debug|Any CPU.Build.0 = Debug|Any CPU
		{3F605CA6-A27A-4C93-B238-42545A90F3B5}.Release|Any CPU.ActiveCfg = Release|Any CPU
		{3F605CA6-A27A-4C93-B238-42545A90F3B5}.Release|Any CPU.Build.0 = Release|Any CPU
		{16FF6A68-6C46-4BAB-B76A-0FC5F55A18D9}.Debug|Any CPU.ActiveCfg = Debug|Any CPU
		{16FF6A68-6C46-4BAB-B76A-0FC5F55A18D9}.Debug|Any CPU.Build.0 = Debug|Any CPU
		{16FF6A68-6C46-4BAB-B76A-0FC5F55A18D9}.Release|Any CPU.ActiveCfg = Release|Any CPU
		{16FF6A68-6C46-4BAB-B76A-0FC5F55A18D9}.Release|Any CPU.Build.0 = Release|Any CPU
		{C78EDC17-6813-4016-BC76-D565642E613C}.Debug|Any CPU.ActiveCfg = Debug|Any CPU
		{C78EDC17-6813-4016-BC76-D565642E613C}.Debug|Any CPU.Build.0 = Debug|Any CPU
		{C78EDC17-6813-4016-BC76-D565642E613C}.Release|Any CPU.ActiveCfg = Release|Any CPU
		{C78EDC17-6813-4016-BC76-D565642E613C}.Release|Any CPU.Build.0 = Release|Any CPU
		{0046A08D-F17F-4FA3-A878-661850F79E04}.Debug|Any CPU.ActiveCfg = Debug|Any CPU
		{0046A08D-F17F-4FA3-A878-661850F79E04}.Debug|Any CPU.Build.0 = Debug|Any CPU
		{0046A08D-F17F-4FA3-A878-661850F79E04}.Release|Any CPU.ActiveCfg = Release|Any CPU
		{0046A08D-F17F-4FA3-A878-661850F79E04}.Release|Any CPU.Build.0 = Release|Any CPU
		{AF8609FE-FEB5-4170-B875-45F83E982568}.Debug|Any CPU.ActiveCfg = Debug|Any CPU
		{AF8609FE-FEB5-4170-B875-45F83E982568}.Debug|Any CPU.Build.0 = Debug|Any CPU
		{AF8609FE-FEB5-4170-B875-45F83E982568}.Release|Any CPU.ActiveCfg = Release|Any CPU
		{AF8609FE-FEB5-4170-B875-45F83E982568}.Release|Any CPU.Build.0 = Release|Any CPU
		{3A3BE8FB-696C-407F-9649-5762E9E2AC5D}.Debug|Any CPU.ActiveCfg = Debug|Any CPU
		{3A3BE8FB-696C-407F-9649-5762E9E2AC5D}.Debug|Any CPU.Build.0 = Debug|Any CPU
		{3A3BE8FB-696C-407F-9649-5762E9E2AC5D}.Release|Any CPU.ActiveCfg = Release|Any CPU
		{3A3BE8FB-696C-407F-9649-5762E9E2AC5D}.Release|Any CPU.Build.0 = Release|Any CPU
		{7A474331-641D-406B-A846-319801D03982}.Debug|Any CPU.ActiveCfg = Debug|Any CPU
		{7A474331-641D-406B-A846-319801D03982}.Debug|Any CPU.Build.0 = Debug|Any CPU
		{7A474331-641D-406B-A846-319801D03982}.Release|Any CPU.ActiveCfg = Release|Any CPU
		{7A474331-641D-406B-A846-319801D03982}.Release|Any CPU.Build.0 = Release|Any CPU
		{5FCDD210-3DE4-4C83-AB5C-ACF8C39D83CB}.Debug|Any CPU.ActiveCfg = Debug|Any CPU
		{5FCDD210-3DE4-4C83-AB5C-ACF8C39D83CB}.Debug|Any CPU.Build.0 = Debug|Any CPU
		{5FCDD210-3DE4-4C83-AB5C-ACF8C39D83CB}.Release|Any CPU.ActiveCfg = Release|Any CPU
		{5FCDD210-3DE4-4C83-AB5C-ACF8C39D83CB}.Release|Any CPU.Build.0 = Release|Any CPU
		{5E334632-B457-4E59-BC34-B5138DB6C7C8}.Debug|Any CPU.ActiveCfg = Debug|Any CPU
		{5E334632-B457-4E59-BC34-B5138DB6C7C8}.Debug|Any CPU.Build.0 = Debug|Any CPU
		{5E334632-B457-4E59-BC34-B5138DB6C7C8}.Release|Any CPU.ActiveCfg = Release|Any CPU
		{5E334632-B457-4E59-BC34-B5138DB6C7C8}.Release|Any CPU.Build.0 = Release|Any CPU
		{A3C5E5E7-C653-49B8-AA8D-5A742FCD48A9}.Debug|Any CPU.ActiveCfg = Debug|Any CPU
		{A3C5E5E7-C653-49B8-AA8D-5A742FCD48A9}.Debug|Any CPU.Build.0 = Debug|Any CPU
		{A3C5E5E7-C653-49B8-AA8D-5A742FCD48A9}.Release|Any CPU.ActiveCfg = Release|Any CPU
		{A3C5E5E7-C653-49B8-AA8D-5A742FCD48A9}.Release|Any CPU.Build.0 = Release|Any CPU
		{83E674E9-DCE4-4787-8582-B3F09E23DBB5}.Debug|Any CPU.ActiveCfg = Debug|Any CPU
		{83E674E9-DCE4-4787-8582-B3F09E23DBB5}.Debug|Any CPU.Build.0 = Debug|Any CPU
		{83E674E9-DCE4-4787-8582-B3F09E23DBB5}.Release|Any CPU.ActiveCfg = Release|Any CPU
		{83E674E9-DCE4-4787-8582-B3F09E23DBB5}.Release|Any CPU.Build.0 = Release|Any CPU
		{E475B15D-758E-4AF4-8A71-12E52CF43FE9}.Debug|Any CPU.ActiveCfg = Debug|Any CPU
		{E475B15D-758E-4AF4-8A71-12E52CF43FE9}.Debug|Any CPU.Build.0 = Debug|Any CPU
		{E475B15D-758E-4AF4-8A71-12E52CF43FE9}.Release|Any CPU.ActiveCfg = Release|Any CPU
		{E475B15D-758E-4AF4-8A71-12E52CF43FE9}.Release|Any CPU.Build.0 = Release|Any CPU
		{B7E20BC7-F4B7-4DBF-ACDF-BAF7E7DC7AF8}.Debug|Any CPU.ActiveCfg = Debug|Any CPU
		{B7E20BC7-F4B7-4DBF-ACDF-BAF7E7DC7AF8}.Debug|Any CPU.Build.0 = Debug|Any CPU
		{B7E20BC7-F4B7-4DBF-ACDF-BAF7E7DC7AF8}.Release|Any CPU.ActiveCfg = Release|Any CPU
		{B7E20BC7-F4B7-4DBF-ACDF-BAF7E7DC7AF8}.Release|Any CPU.Build.0 = Release|Any CPU
		{AB80EEA8-160C-48AD-8DAF-5229B5DFC3A6}.Debug|Any CPU.ActiveCfg = Debug|Any CPU
		{AB80EEA8-160C-48AD-8DAF-5229B5DFC3A6}.Debug|Any CPU.Build.0 = Debug|Any CPU
		{AB80EEA8-160C-48AD-8DAF-5229B5DFC3A6}.Release|Any CPU.ActiveCfg = Release|Any CPU
		{AB80EEA8-160C-48AD-8DAF-5229B5DFC3A6}.Release|Any CPU.Build.0 = Release|Any CPU
		{1F7E9497-7B4D-463E-A089-F242CBABF15C}.Debug|Any CPU.ActiveCfg = Debug|Any CPU
		{1F7E9497-7B4D-463E-A089-F242CBABF15C}.Debug|Any CPU.Build.0 = Debug|Any CPU
		{1F7E9497-7B4D-463E-A089-F242CBABF15C}.Release|Any CPU.ActiveCfg = Release|Any CPU
		{1F7E9497-7B4D-463E-A089-F242CBABF15C}.Release|Any CPU.Build.0 = Release|Any CPU
		{6B7FA513-6F2E-4995-8422-C9339A982E8C}.Debug|Any CPU.ActiveCfg = Debug|Any CPU
		{6B7FA513-6F2E-4995-8422-C9339A982E8C}.Debug|Any CPU.Build.0 = Debug|Any CPU
		{6B7FA513-6F2E-4995-8422-C9339A982E8C}.Release|Any CPU.ActiveCfg = Release|Any CPU
		{6B7FA513-6F2E-4995-8422-C9339A982E8C}.Release|Any CPU.Build.0 = Release|Any CPU
		{F309683F-D559-4701-9AE4-34E15FEFE94A}.Debug|Any CPU.ActiveCfg = Debug|Any CPU
		{F309683F-D559-4701-9AE4-34E15FEFE94A}.Debug|Any CPU.Build.0 = Debug|Any CPU
		{F309683F-D559-4701-9AE4-34E15FEFE94A}.Release|Any CPU.ActiveCfg = Release|Any CPU
		{F309683F-D559-4701-9AE4-34E15FEFE94A}.Release|Any CPU.Build.0 = Release|Any CPU
		{081FE6BF-E3D3-4400-B15F-7C7EE9A3459D}.Debug|Any CPU.ActiveCfg = Debug|Any CPU
		{081FE6BF-E3D3-4400-B15F-7C7EE9A3459D}.Debug|Any CPU.Build.0 = Debug|Any CPU
		{081FE6BF-E3D3-4400-B15F-7C7EE9A3459D}.Release|Any CPU.ActiveCfg = Release|Any CPU
		{081FE6BF-E3D3-4400-B15F-7C7EE9A3459D}.Release|Any CPU.Build.0 = Release|Any CPU
		{F7FD7967-6C6F-4B4A-92B4-770ED7BA9F1B}.Debug|Any CPU.ActiveCfg = Debug|Any CPU
		{F7FD7967-6C6F-4B4A-92B4-770ED7BA9F1B}.Debug|Any CPU.Build.0 = Debug|Any CPU
		{F7FD7967-6C6F-4B4A-92B4-770ED7BA9F1B}.Release|Any CPU.ActiveCfg = Release|Any CPU
		{F7FD7967-6C6F-4B4A-92B4-770ED7BA9F1B}.Release|Any CPU.Build.0 = Release|Any CPU
		{79B4371A-8D17-4D58-AFCC-FFD60269AEB3}.Debug|Any CPU.ActiveCfg = Debug|Any CPU
		{79B4371A-8D17-4D58-AFCC-FFD60269AEB3}.Debug|Any CPU.Build.0 = Debug|Any CPU
		{79B4371A-8D17-4D58-AFCC-FFD60269AEB3}.Release|Any CPU.ActiveCfg = Release|Any CPU
		{79B4371A-8D17-4D58-AFCC-FFD60269AEB3}.Release|Any CPU.Build.0 = Release|Any CPU
		{219D645E-3908-4195-B275-FF451A63011B}.Debug|Any CPU.ActiveCfg = Debug|Any CPU
		{219D645E-3908-4195-B275-FF451A63011B}.Debug|Any CPU.Build.0 = Debug|Any CPU
		{219D645E-3908-4195-B275-FF451A63011B}.Release|Any CPU.ActiveCfg = Release|Any CPU
		{219D645E-3908-4195-B275-FF451A63011B}.Release|Any CPU.Build.0 = Release|Any CPU
		{6B33AABA-2C1F-4CB6-A43E-630523F37F1E}.Debug|Any CPU.ActiveCfg = Debug|Any CPU
		{6B33AABA-2C1F-4CB6-A43E-630523F37F1E}.Debug|Any CPU.Build.0 = Debug|Any CPU
		{6B33AABA-2C1F-4CB6-A43E-630523F37F1E}.Release|Any CPU.ActiveCfg = Release|Any CPU
		{6B33AABA-2C1F-4CB6-A43E-630523F37F1E}.Release|Any CPU.Build.0 = Release|Any CPU
	EndGlobalSection
	GlobalSection(SolutionProperties) = preSolution
		HideSolutionNode = FALSE
	EndGlobalSection
	GlobalSection(NestedProjects) = preSolution
		{4F38AF25-501F-4C47-8AB9-F29DFD68937E} = {87705B45-2E1D-4B70-BED2-B9150399F3C6}
		{ABE8EE3D-20FD-4BD3-99B0-C67A4D882B17} = {23EFD98F-67CB-4936-9E21-33BAB600F341}
		{6DCEC5BD-03D4-4653-B586-487A1584EF68} = {4EC8E6E6-0DC8-4B03-BC77-4C1C99CF921E}
		{7B51900F-E134-46BC-8B92-2D0DC56CBEA4} = {703EC977-8A63-426B-B0C6-FC821030E69F}
		{8F7C8781-8276-4DD8-A199-BA301DAA16B2} = {703EC977-8A63-426B-B0C6-FC821030E69F}
		{8BA76DC3-2DFA-401F-A866-A733A0210EA4} = {703EC977-8A63-426B-B0C6-FC821030E69F}
		{EB48B47E-E218-4A0E-B2EF-C818AA3D45E6} = {703EC977-8A63-426B-B0C6-FC821030E69F}
		{57FB2593-3335-4F36-91F4-2494880F70F8} = {703EC977-8A63-426B-B0C6-FC821030E69F}
		{C5F29F0E-1512-4D17-83E3-40A2081945BA} = {703EC977-8A63-426B-B0C6-FC821030E69F}
		{A20A8B9F-4F82-4660-987E-C2E54E83C57B} = {4EC8E6E6-0DC8-4B03-BC77-4C1C99CF921E}
		{3F605CA6-A27A-4C93-B238-42545A90F3B5} = {703EC977-8A63-426B-B0C6-FC821030E69F}
		{16FF6A68-6C46-4BAB-B76A-0FC5F55A18D9} = {703EC977-8A63-426B-B0C6-FC821030E69F}
		{C78EDC17-6813-4016-BC76-D565642E613C} = {703EC977-8A63-426B-B0C6-FC821030E69F}
		{0046A08D-F17F-4FA3-A878-661850F79E04} = {56768E0D-FAAB-4AD8-B006-31EC96301A57}
		{AF8609FE-FEB5-4170-B875-45F83E982568} = {87705B45-2E1D-4B70-BED2-B9150399F3C6}
		{3A3BE8FB-696C-407F-9649-5762E9E2AC5D} = {56768E0D-FAAB-4AD8-B006-31EC96301A57}
		{7A474331-641D-406B-A846-319801D03982} = {703EC977-8A63-426B-B0C6-FC821030E69F}
		{5FCDD210-3DE4-4C83-AB5C-ACF8C39D83CB} = {4EC8E6E6-0DC8-4B03-BC77-4C1C99CF921E}
		{5E334632-B457-4E59-BC34-B5138DB6C7C8} = {703EC977-8A63-426B-B0C6-FC821030E69F}
		{A3C5E5E7-C653-49B8-AA8D-5A742FCD48A9} = {87705B45-2E1D-4B70-BED2-B9150399F3C6}
		{83E674E9-DCE4-4787-8582-B3F09E23DBB5} = {703EC977-8A63-426B-B0C6-FC821030E69F}
		{E475B15D-758E-4AF4-8A71-12E52CF43FE9} = {3D64C8F9-1E03-4BA8-9D02-E8DFAE73A7A5}
		{B7E20BC7-F4B7-4DBF-ACDF-BAF7E7DC7AF8} = {23EFD98F-67CB-4936-9E21-33BAB600F341}
		{AB80EEA8-160C-48AD-8DAF-5229B5DFC3A6} = {3D64C8F9-1E03-4BA8-9D02-E8DFAE73A7A5}
		{1F7E9497-7B4D-463E-A089-F242CBABF15C} = {4EC8E6E6-0DC8-4B03-BC77-4C1C99CF921E}
		{6B7FA513-6F2E-4995-8422-C9339A982E8C} = {3D64C8F9-1E03-4BA8-9D02-E8DFAE73A7A5}
		{F309683F-D559-4701-9AE4-34E15FEFE94A} = {4EC8E6E6-0DC8-4B03-BC77-4C1C99CF921E}
		{081FE6BF-E3D3-4400-B15F-7C7EE9A3459D} = {3D64C8F9-1E03-4BA8-9D02-E8DFAE73A7A5}
		{F7FD7967-6C6F-4B4A-92B4-770ED7BA9F1B} = {3D64C8F9-1E03-4BA8-9D02-E8DFAE73A7A5}
		{79B4371A-8D17-4D58-AFCC-FFD60269AEB3} = {3D64C8F9-1E03-4BA8-9D02-E8DFAE73A7A5}
		{219D645E-3908-4195-B275-FF451A63011B} = {4EC8E6E6-0DC8-4B03-BC77-4C1C99CF921E}
		{6B33AABA-2C1F-4CB6-A43E-630523F37F1E} = {4EC8E6E6-0DC8-4B03-BC77-4C1C99CF921E}
	EndGlobalSection
	GlobalSection(ExtensibilityGlobals) = postSolution
		SolutionGuid = {41E2D1A2-79F4-433A-9647-BB2AEA403E99}
	EndGlobalSection
EndGlobal
